
Microsoft Visual Studio Solution File, Format Version 12.00
# Visual Studio Version 16
VisualStudioVersion = 16.0.30611.23
MinimumVisualStudioVersion = 10.0.40219.1
Project("{FAE04EC0-301F-11D3-BF4B-00C04F79EFBC}") = "ReportesCierrePv", "..\ReportesCierrePv\ReportesCierrePv.csproj", "{E15E9A3C-C962-4FAE-AFBB-1EF638ABE348}"
EndProject
Project("{FAE04EC0-301F-11D3-BF4B-00C04F79EFBC}") = "MaestraTerceros", "MaestraTerceros.csproj", "{BB59CF7A-A9D2-4E8D-8FF5-A883D995B81B}"
EndProject
Project("{FAE04EC0-301F-11D3-BF4B-00C04F79EFBC}") = "Co_Balance", "..\Co_Balance\Co_Balance.csproj", "{C419B3B0-2AD6-42F6-963A-C28D433BFF79}"
EndProject
Project("{FAE04EC0-301F-11D3-BF4B-00C04F79EFBC}") = "RecibosDeCaja", "..\RecibosDeCaja_Anticipos\RecibosDeCaja.csproj", "{FE195D33-828D-45DF-AB2F-6F4008DE8271}"
EndProject
Project("{FAE04EC0-301F-11D3-BF4B-00C04F79EFBC}") = "PvReimprimeFacturaNC", "..\PvReimprimeFacturaNC\PvReimprimeFacturaNC.csproj", "{8CBEA96C-84D2-4A52-A4F2-56E9C67E8AC5}"
EndProject
Project("{FAE04EC0-301F-11D3-BF4B-00C04F79EFBC}") = "PvFormaPago", "..\PvFormaPago\PvFormaPago.csproj", "{079F408F-EA6D-4313-8ED0-D2CB0B26B47F}"
EndProject
Project("{FAE04EC0-301F-11D3-BF4B-00C04F79EFBC}") = "Auditoria", "..\Auditoria\Auditoria.csproj", "{B0FB3BC1-1EFC-4AA1-B211-819F95EA360C}"
EndProject
Global
	GlobalSection(SolutionConfigurationPlatforms) = preSolution
		Debug|Any CPU = Debug|Any CPU
		Release|Any CPU = Release|Any CPU
	EndGlobalSection
	GlobalSection(ProjectConfigurationPlatforms) = postSolution
		{E15E9A3C-C962-4FAE-AFBB-1EF638ABE348}.Debug|Any CPU.ActiveCfg = Debug|Any CPU
		{E15E9A3C-C962-4FAE-AFBB-1EF638ABE348}.Debug|Any CPU.Build.0 = Debug|Any CPU
		{E15E9A3C-C962-4FAE-AFBB-1EF638ABE348}.Release|Any CPU.ActiveCfg = Release|Any CPU
		{E15E9A3C-C962-4FAE-AFBB-1EF638ABE348}.Release|Any CPU.Build.0 = Release|Any CPU
		{BB59CF7A-A9D2-4E8D-8FF5-A883D995B81B}.Debug|Any CPU.ActiveCfg = Debug|Any CPU
		{BB59CF7A-A9D2-4E8D-8FF5-A883D995B81B}.Debug|Any CPU.Build.0 = Debug|Any CPU
		{BB59CF7A-A9D2-4E8D-8FF5-A883D995B81B}.Release|Any CPU.ActiveCfg = Release|Any CPU
		{BB59CF7A-A9D2-4E8D-8FF5-A883D995B81B}.Release|Any CPU.Build.0 = Release|Any CPU
		{C419B3B0-2AD6-42F6-963A-C28D433BFF79}.Debug|Any CPU.ActiveCfg = Debug|Any CPU
		{C419B3B0-2AD6-42F6-963A-C28D433BFF79}.Debug|Any CPU.Build.0 = Debug|Any CPU
		{C419B3B0-2AD6-42F6-963A-C28D433BFF79}.Release|Any CPU.ActiveCfg = Release|Any CPU
		{C419B3B0-2AD6-42F6-963A-C28D433BFF79}.Release|Any CPU.Build.0 = Release|Any CPU
		{FE195D33-828D-45DF-AB2F-6F4008DE8271}.Debug|Any CPU.ActiveCfg = Debug|Any CPU
		{FE195D33-828D-45DF-AB2F-6F4008DE8271}.Debug|Any CPU.Build.0 = Debug|Any CPU
		{FE195D33-828D-45DF-AB2F-6F4008DE8271}.Release|Any CPU.ActiveCfg = Release|Any CPU
		{FE195D33-828D-45DF-AB2F-6F4008DE8271}.Release|Any CPU.Build.0 = Release|Any CPU
		{8CBEA96C-84D2-4A52-A4F2-56E9C67E8AC5}.Debug|Any CPU.ActiveCfg = Debug|Any CPU
		{8CBEA96C-84D2-4A52-A4F2-56E9C67E8AC5}.Debug|Any CPU.Build.0 = Debug|Any CPU
		{8CBEA96C-84D2-4A52-A4F2-56E9C67E8AC5}.Release|Any CPU.ActiveCfg = Release|Any CPU
		{8CBEA96C-84D2-4A52-A4F2-56E9C67E8AC5}.Release|Any CPU.Build.0 = Release|Any CPU
		{079F408F-EA6D-4313-8ED0-D2CB0B26B47F}.Debug|Any CPU.ActiveCfg = Debug|Any CPU
		{079F408F-EA6D-4313-8ED0-D2CB0B26B47F}.Debug|Any CPU.Build.0 = Debug|Any CPU
		{079F408F-EA6D-4313-8ED0-D2CB0B26B47F}.Release|Any CPU.ActiveCfg = Release|Any CPU
		{079F408F-EA6D-4313-8ED0-D2CB0B26B47F}.Release|Any CPU.Build.0 = Release|Any CPU
		{B0FB3BC1-1EFC-4AA1-B211-819F95EA360C}.Debug|Any CPU.ActiveCfg = Debug|Any CPU
		{B0FB3BC1-1EFC-4AA1-B211-819F95EA360C}.Debug|Any CPU.Build.0 = Debug|Any CPU
		{B0FB3BC1-1EFC-4AA1-B211-819F95EA360C}.Release|Any CPU.ActiveCfg = Release|Any CPU
		{B0FB3BC1-1EFC-4AA1-B211-819F95EA360C}.Release|Any CPU.Build.0 = Release|Any CPU
	EndGlobalSection
	GlobalSection(SolutionProperties) = preSolution
		HideSolutionNode = FALSE
	EndGlobalSection
	GlobalSection(ExtensibilityGlobals) = postSolution
		SolutionGuid = {34E3DEDD-1DB7-4EA5-BF3A-7DD5A92DDA3C}
	EndGlobalSection
EndGlobal
