
Microsoft Visual Studio Solution File, Format Version 12.00
# Visual Studio Version 16
VisualStudioVersion = 16.0.30717.126
MinimumVisualStudioVersion = 10.0.40219.1
Project("{FAE04EC0-301F-11D3-BF4B-00C04F79EFBC}") = "PvOmega", "PvOmega.csproj", "{788AA24E-2E4A-475D-A796-79A6BC3F373B}"
EndProject
Project("{FAE04EC0-301F-11D3-BF4B-00C04F79EFBC}") = "AnalisisDeVenta", "..\AnalisisDeVenta\AnalisisDeVenta.csproj", "{4FD9942E-0DED-49D5-BA21-BA6B68F10E68}"
EndProject
Global
	GlobalSection(SolutionConfigurationPlatforms) = preSolution
		Debug|Any CPU = Debug|Any CPU
		Release|Any CPU = Release|Any CPU
	EndGlobalSection
	GlobalSection(ProjectConfigurationPlatforms) = postSolution
		{788AA24E-2E4A-475D-A796-79A6BC3F373B}.Debug|Any CPU.ActiveCfg = Debug|Any CPU
		{788AA24E-2E4A-475D-A796-79A6BC3F373B}.Debug|Any CPU.Build.0 = Debug|Any CPU
		{788AA24E-2E4A-475D-A796-79A6BC3F373B}.Release|Any CPU.ActiveCfg = Release|Any CPU
		{788AA24E-2E4A-475D-A796-79A6BC3F373B}.Release|Any CPU.Build.0 = Release|Any CPU
		{4FD9942E-0DED-49D5-BA21-BA6B68F10E68}.Debug|Any CPU.ActiveCfg = Debug|Any CPU
		{4FD9942E-0DED-49D5-BA21-BA6B68F10E68}.Debug|Any CPU.Build.0 = Debug|Any CPU
		{4FD9942E-0DED-49D5-BA21-BA6B68F10E68}.Release|Any CPU.ActiveCfg = Release|Any CPU
		{4FD9942E-0DED-49D5-BA21-BA6B68F10E68}.Release|Any CPU.Build.0 = Release|Any CPU
	EndGlobalSection
	GlobalSection(SolutionProperties) = preSolution
		HideSolutionNode = FALSE
	EndGlobalSection
	GlobalSection(ExtensibilityGlobals) = postSolution
		SolutionGuid = {C68A7702-97BC-4733-913E-A31497475BF1}
	EndGlobalSection
EndGlobal
